# THIS IS AN AUTOGENERATED FILE. DO NOT EDIT THIS FILE DIRECTLY.
# yarn lockfile v1


"@json2csv/formatters@^7.0.3":
  version "7.0.3"
  resolved "https://registry.yarnpkg.com/@json2csv/formatters/-/formatters-7.0.3.tgz#4d0584bd2664d6dfaa7bccc192d1d18aac7bee27"
  integrity sha512-QLTpBNmNxGDAQNALkWwPdnyJ7IdXHQ0Motzog4fZOKK2ozpxckl6vwhWNBxbQs/25Zhp7bLS4J6ILu/hh0en6w==

"@json2csv/node@^7.0.3":
  version "7.0.3"
  resolved "https://registry.yarnpkg.com/@json2csv/node/-/node-7.0.3.tgz#0a71ef27eb371540c1d5d470d6ffed5514eae181"
  integrity sha512-lmIprTZLw5UgetRXfkYlzHhs5juXFmeDR03Ao9ahOim7GYqsqMMCDe7SZGSXHYBLNVu5f2ClsUMOKLhHJtW7Zg==
  dependencies:
    "@json2csv/plainjs" "^7.0.3"

"@json2csv/plainjs@^7.0.3":
  version "7.0.3"
  resolved "https://registry.yarnpkg.com/@json2csv/plainjs/-/plainjs-7.0.3.tgz#2182da06a38c17caceca64701389d9b80a233588"
  integrity sha512-AEpEdeSu8o64Sdf7Xoy7BM4MyfZToN7oxxleXJ6u7v3h0V0hKdNIw7i4kQ08wiIe7lcJBhS3JRyEPKX6k2AsjA==
  dependencies:
    "@json2csv/formatters" "^7.0.3"
    "@streamparser/json" "^0.0.17"
    lodash.get "^4.4.2"

"@streamparser/json@^0.0.17":
  version "0.0.17"
  resolved "https://registry.yarnpkg.com/@streamparser/json/-/json-0.0.17.tgz#b68742ebb49eec9c1fcc76cfa730dd74a5131382"
  integrity sha512-mW54K6CTVJVLwXRB6kSS1xGWPmtTuXAStWnlvtesmcySgtop+eFPWOywBFPpJO4UD173epYsPSP6HSW8kuqN8w==

"@types/node@^20.8.2":
  version "20.8.2"
  resolved "https://registry.npmjs.org/@types/node/-/node-20.8.2.tgz"
  integrity sha512-Vvycsc9FQdwhxE3y3DzeIxuEJbWGDsnrxvMADzTDF/lcdR9/K+AQIeAghTQsHtotg/q0j3WEOYS/jQgSdWue3w==

lodash.get@^4.4.2:
  version "4.4.2"
  resolved "https://registry.yarnpkg.com/lodash.get/-/lodash.get-4.4.2.tgz#2d177f652fa31e939b4438d5341499dfa3825e99"
  integrity sha512-z+Uw/vLuy6gQe8cfaFWD7p0wVv8fJl3mbzXh33RS+0oW2wvUqiRXiQ69gLWSLpgB5/6sU+r6BlQR0MBILadqTQ==

moment@^2.29.4:
  version "2.29.4"
  resolved "https://registry.yarnpkg.com/moment/-/moment-2.29.4.tgz#3dbe052889fe7c1b2ed966fcb3a77328964ef108"
  integrity sha512-5LC9SOxjSc2HF6vO2CyuTDNivEdoz2IvyJJGj6X8DJ0eFyfszE0QiEd+iXmBvUP3WHxSjFH/vIsA0EN00cgr8w==

node-stream-zip@^1.15.0:
  version "1.15.0"
  resolved "https://registry.npmjs.org/node-stream-zip/-/node-stream-zip-1.15.0.tgz"
  integrity sha512-LN4fydt9TqhZhThkZIVQnF9cwjU3qmUH9h78Mx/K7d3VvfRqqwthLwJEUOEL0QPZ0XQmNN7be5Ggit5+4dq3Bw==

typescript@^5.2.2:
  version "5.2.2"
  resolved "https://registry.npmjs.org/typescript/-/typescript-5.2.2.tgz"
  integrity sha512-mI4WrpHsbCIcwT9cF4FZvr80QUeKvsUsUvKDoR+X/7XHQH98xYD8YHZg7ANtz2GtZt/CBq2QJ0thkGJMHfqc1w==
